// !$*UTF8*$!
{
	archiveVersion = 1;
	classes = {
	};
	objectVersion = 52;
	objects = {

/* Begin PBXBuildFile section */
		710FE17626406AF3005419E0 /* TextViewWrapper.swift in Sources */ = {isa = PBXBuildFile; fileRef = 710FE17526406AF3005419E0 /* TextViewWrapper.swift */; };
		7110D03F264AA2100051CF62 /* Goals.swift in Sources */ = {isa = PBXBuildFile; fileRef = 7110D03E264AA2100051CF62 /* Goals.swift */; };
		7110D041264AADAD0051CF62 /* NewGoalView.swift in Sources */ = {isa = PBXBuildFile; fileRef = 7110D040264AADAD0051CF62 /* NewGoalView.swift */; };
		7110D047264AC5F50051CF62 /* Cache in Frameworks */ = {isa = PBXBuildFile; productRef = 7110D046264AC5F50051CF62 /* Cache */; };
		7110D049264AC9B00051CF62 /* CacheStorageManager.swift in Sources */ = {isa = PBXBuildFile; fileRef = 7110D048264AC9B00051CF62 /* CacheStorageManager.swift */; };
		71881EA826473CB900604DAC /* Entries.swift in Sources */ = {isa = PBXBuildFile; fileRef = 71881EA726473CB900604DAC /* Entries.swift */; };
		71C47D13263DAAB300C979D9 /* selfCareApp.swift in Sources */ = {isa = PBXBuildFile; fileRef = 71C47D12263DAAB300C979D9 /* selfCareApp.swift */; };
		71C47D15263DAAB300C979D9 /* HomeView.swift in Sources */ = {isa = PBXBuildFile; fileRef = 71C47D14263DAAB300C979D9 /* HomeView.swift */; };
		71C47D17263DAAB800C979D9 /* Assets.xcassets in Resources */ = {isa = PBXBuildFile; fileRef = 71C47D16263DAAB800C979D9 /* Assets.xcassets */; };
		71C47D1A263DAAB800C979D9 /* Preview Assets.xcassets in Resources */ = {isa = PBXBuildFile; fileRef = 71C47D19263DAAB800C979D9 /* Preview Assets.xcassets */; };
		71C47D23263DDA6200C979D9 /* IrregularGradient in Frameworks */ = {isa = PBXBuildFile; productRef = 71C47D22263DDA6200C979D9 /* IrregularGradient */; };
		71F54848263E3A6D00325490 /* JournalView.swift in Sources */ = {isa = PBXBuildFile; fileRef = 71F54847263E3A6D00325490 /* JournalView.swift */; };
		71F5484A263E3A8C00325490 /* NewEntryView.swift in Sources */ = {isa = PBXBuildFile; fileRef = 71F54849263E3A8C00325490 /* NewEntryView.swift */; };
		71F5484C263E3B2A00325490 /* LinksView.swift in Sources */ = {isa = PBXBuildFile; fileRef = 71F5484B263E3B2A00325490 /* LinksView.swift */; };
		71F5484E263F0CCD00325490 /* ProfileView.swift in Sources */ = {isa = PBXBuildFile; fileRef = 71F5484D263F0CCD00325490 /* ProfileView.swift */; };
		71F54850263F0CF400325490 /* GoalsView.swift in Sources */ = {isa = PBXBuildFile; fileRef = 71F5484F263F0CF400325490 /* GoalsView.swift */; };
/* End PBXBuildFile section */

/* Begin PBXFileReference section */
		710FE17526406AF3005419E0 /* TextViewWrapper.swift */ = {isa = PBXFileReference; lastKnownFileType = sourcecode.swift; path = TextViewWrapper.swift; sourceTree = "<group>"; };
		7110D03E264AA2100051CF62 /* Goals.swift */ = {isa = PBXFileReference; lastKnownFileType = sourcecode.swift; path = Goals.swift; sourceTree = "<group>"; };
		7110D040264AADAD0051CF62 /* NewGoalView.swift */ = {isa = PBXFileReference; lastKnownFileType = sourcecode.swift; path = NewGoalView.swift; sourceTree = "<group>"; };
		7110D048264AC9B00051CF62 /* CacheStorageManager.swift */ = {isa = PBXFileReference; lastKnownFileType = sourcecode.swift; path = CacheStorageManager.swift; sourceTree = "<group>"; };
		71881EA726473CB900604DAC /* Entries.swift */ = {isa = PBXFileReference; lastKnownFileType = sourcecode.swift; path = Entries.swift; sourceTree = "<group>"; };
		71C47D0F263DAAB300C979D9 /* selfCare.app */ = {isa = PBXFileReference; explicitFileType = wrapper.application; includeInIndex = 0; path = selfCare.app; sourceTree = BUILT_PRODUCTS_DIR; };
		71C47D12263DAAB300C979D9 /* selfCareApp.swift */ = {isa = PBXFileReference; lastKnownFileType = sourcecode.swift; path = selfCareApp.swift; sourceTree = "<group>"; };
		71C47D14263DAAB300C979D9 /* HomeView.swift */ = {isa = PBXFileReference; lastKnownFileType = sourcecode.swift; path = HomeView.swift; sourceTree = "<group>"; };
		71C47D16263DAAB800C979D9 /* Assets.xcassets */ = {isa = PBXFileReference; lastKnownFileType = folder.assetcatalog; path = Assets.xcassets; sourceTree = "<group>"; };
		71C47D19263DAAB800C979D9 /* Preview Assets.xcassets */ = {isa = PBXFileReference; lastKnownFileType = folder.assetcatalog; path = "Preview Assets.xcassets"; sourceTree = "<group>"; };
		71C47D1B263DAAB800C979D9 /* Info.plist */ = {isa = PBXFileReference; lastKnownFileType = text.plist.xml; path = Info.plist; sourceTree = "<group>"; };
		71F54847263E3A6D00325490 /* JournalView.swift */ = {isa = PBXFileReference; lastKnownFileType = sourcecode.swift; path = JournalView.swift; sourceTree = "<group>"; };
		71F54849263E3A8C00325490 /* NewEntryView.swift */ = {isa = PBXFileReference; lastKnownFileType = sourcecode.swift; path = NewEntryView.swift; sourceTree = "<group>"; };
		71F5484B263E3B2A00325490 /* LinksView.swift */ = {isa = PBXFileReference; lastKnownFileType = sourcecode.swift; path = LinksView.swift; sourceTree = "<group>"; };
		71F5484D263F0CCD00325490 /* ProfileView.swift */ = {isa = PBXFileReference; lastKnownFileType = sourcecode.swift; path = ProfileView.swift; sourceTree = "<group>"; };
		71F5484F263F0CF400325490 /* GoalsView.swift */ = {isa = PBXFileReference; lastKnownFileType = sourcecode.swift; path = GoalsView.swift; sourceTree = "<group>"; };
/* End PBXFileReference section */

/* Begin PBXFrameworksBuildPhase section */
		71C47D0C263DAAB300C979D9 /* Frameworks */ = {
			isa = PBXFrameworksBuildPhase;
			buildActionMask = 2147483647;
			files = (
				71C47D23263DDA6200C979D9 /* IrregularGradient in Frameworks */,
				7110D047264AC5F50051CF62 /* Cache in Frameworks */,
			);
			runOnlyForDeploymentPostprocessing = 0;
		};
/* End PBXFrameworksBuildPhase section */

/* Begin PBXGroup section */
		7110D042264AAE660051CF62 /* Goals */ = {
			isa = PBXGroup;
			children = (
				71F5484F263F0CF400325490 /* GoalsView.swift */,
				7110D040264AADAD0051CF62 /* NewGoalView.swift */,
			);
			path = Goals;
			sourceTree = "<group>";
		};
		7110D043264AAE7A0051CF62 /* Journal */ = {
			isa = PBXGroup;
			children = (
				71F54847263E3A6D00325490 /* JournalView.swift */,
				71F54849263E3A8C00325490 /* NewEntryView.swift */,
			);
			path = Journal;
			sourceTree = "<group>";
		};
		7110D044264AAE8D0051CF62 /* Home */ = {
			isa = PBXGroup;
			children = (
				71C47D14263DAAB300C979D9 /* HomeView.swift */,
			);
			path = Home;
			sourceTree = "<group>";
		};
		71881EA62647039900604DAC /* Views */ = {
			isa = PBXGroup;
			children = (
				71F5484B263E3B2A00325490 /* LinksView.swift */,
				71F5484D263F0CCD00325490 /* ProfileView.swift */,
				7110D042264AAE660051CF62 /* Goals */,
				7110D043264AAE7A0051CF62 /* Journal */,
				7110D044264AAE8D0051CF62 /* Home */,
			);
			path = Views;
			sourceTree = "<group>";
		};
		71881EA926473CBE00604DAC /* Structs */ = {
			isa = PBXGroup;
			children = (
				71881EA726473CB900604DAC /* Entries.swift */,
				7110D03E264AA2100051CF62 /* Goals.swift */,
			);
			path = Structs;
			sourceTree = "<group>";
		};
		71C47D06263DAAB300C979D9 = {
			isa = PBXGroup;
			children = (
				71C47D11263DAAB300C979D9 /* selfCare */,
				71C47D10263DAAB300C979D9 /* Products */,
			);
			sourceTree = "<group>";
		};
		71C47D10263DAAB300C979D9 /* Products */ = {
			isa = PBXGroup;
			children = (
				71C47D0F263DAAB300C979D9 /* selfCare.app */,
			);
			name = Products;
			sourceTree = "<group>";
		};
		71C47D11263DAAB300C979D9 /* selfCare */ = {
			isa = PBXGroup;
			children = (
				71C47D12263DAAB300C979D9 /* selfCareApp.swift */,
				7110D048264AC9B00051CF62 /* CacheStorageManager.swift */,
				71881EA62647039900604DAC /* Views */,
				710FE17526406AF3005419E0 /* TextViewWrapper.swift */,
				71881EA926473CBE00604DAC /* Structs */,
				71C47D16263DAAB800C979D9 /* Assets.xcassets */,
				71C47D1B263DAAB800C979D9 /* Info.plist */,
				71C47D18263DAAB800C979D9 /* Preview Content */,
			);
			path = selfCare;
			sourceTree = "<group>";
		};
		71C47D18263DAAB800C979D9 /* Preview Content */ = {
			isa = PBXGroup;
			children = (
				71C47D19263DAAB800C979D9 /* Preview Assets.xcassets */,
			);
			path = "Preview Content";
			sourceTree = "<group>";
		};
/* End PBXGroup section */

/* Begin PBXNativeTarget section */
		71C47D0E263DAAB300C979D9 /* selfCare */ = {
			isa = PBXNativeTarget;
			buildConfigurationList = 71C47D1E263DAAB800C979D9 /* Build configuration list for PBXNativeTarget "selfCare" */;
			buildPhases = (
				71C47D0B263DAAB300C979D9 /* Sources */,
				71C47D0C263DAAB300C979D9 /* Frameworks */,
				71C47D0D263DAAB300C979D9 /* Resources */,
			);
			buildRules = (
			);
			dependencies = (
			);
			name = selfCare;
			packageProductDependencies = (
				71C47D22263DDA6200C979D9 /* IrregularGradient */,
				7110D046264AC5F50051CF62 /* Cache */,
			);
			productName = selfCare;
			productReference = 71C47D0F263DAAB300C979D9 /* selfCare.app */;
			productType = "com.apple.product-type.application";
		};
/* End PBXNativeTarget section */

/* Begin PBXProject section */
		71C47D07263DAAB300C979D9 /* Project object */ = {
			isa = PBXProject;
			attributes = {
				LastSwiftUpdateCheck = 1250;
				LastUpgradeCheck = 1250;
				TargetAttributes = {
					71C47D0E263DAAB300C979D9 = {
						CreatedOnToolsVersion = 12.5;
					};
				};
			};
			buildConfigurationList = 71C47D0A263DAAB300C979D9 /* Build configuration list for PBXProject "selfCare" */;
			compatibilityVersion = "Xcode 9.3";
			developmentRegion = en;
			hasScannedForEncodings = 0;
			knownRegions = (
				en,
				Base,
			);
			mainGroup = 71C47D06263DAAB300C979D9;
			packageReferences = (
				71C47D21263DDA6200C979D9 /* XCRemoteSwiftPackageReference "IrregularGradient" */,
				7110D045264AC5F50051CF62 /* XCRemoteSwiftPackageReference "Cache" */,
			);
			productRefGroup = 71C47D10263DAAB300C979D9 /* Products */;
			projectDirPath = "";
			projectRoot = "";
			targets = (
				71C47D0E263DAAB300C979D9 /* selfCare */,
			);
		};
/* End PBXProject section */

/* Begin PBXResourcesBuildPhase section */
		71C47D0D263DAAB300C979D9 /* Resources */ = {
			isa = PBXResourcesBuildPhase;
			buildActionMask = 2147483647;
			files = (
				71C47D1A263DAAB800C979D9 /* Preview Assets.xcassets in Resources */,
				71C47D17263DAAB800C979D9 /* Assets.xcassets in Resources */,
			);
			runOnlyForDeploymentPostprocessing = 0;
		};
/* End PBXResourcesBuildPhase section */

/* Begin PBXSourcesBuildPhase section */
		71C47D0B263DAAB300C979D9 /* Sources */ = {
			isa = PBXSourcesBuildPhase;
			buildActionMask = 2147483647;
			files = (
				7110D03F264AA2100051CF62 /* Goals.swift in Sources */,
				71F5484A263E3A8C00325490 /* NewEntryView.swift in Sources */,
				71F5484C263E3B2A00325490 /* LinksView.swift in Sources */,
				7110D041264AADAD0051CF62 /* NewGoalView.swift in Sources */,
				7110D049264AC9B00051CF62 /* CacheStorageManager.swift in Sources */,
				710FE17626406AF3005419E0 /* TextViewWrapper.swift in Sources */,
				71F54848263E3A6D00325490 /* JournalView.swift in Sources */,
				71C47D15263DAAB300C979D9 /* HomeView.swift in Sources */,
				71881EA826473CB900604DAC /* Entries.swift in Sources */,
				71F54850263F0CF400325490 /* GoalsView.swift in Sources */,
				71F5484E263F0CCD00325490 /* ProfileView.swift in Sources */,
				71C47D13263DAAB300C979D9 /* selfCareApp.swift in Sources */,
			);
			runOnlyForDeploymentPostprocessing = 0;
		};
/* End PBXSourcesBuildPhase section */

/* Begin XCBuildConfiguration section */
		71C47D1C263DAAB800C979D9 /* Debug */ = {
			isa = XCBuildConfiguration;
			buildSettings = {
				ALWAYS_SEARCH_USER_PATHS = NO;
				CLANG_ANALYZER_NONNULL = YES;
				CLANG_ANALYZER_NUMBER_OBJECT_CONVERSION = YES_AGGRESSIVE;
				CLANG_CXX_LANGUAGE_STANDARD = "gnu++14";
				CLANG_CXX_LIBRARY = "libc++";
				CLANG_ENABLE_MODULES = YES;
				CLANG_ENABLE_OBJC_ARC = YES;
				CLANG_ENABLE_OBJC_WEAK = YES;
				CLANG_WARN_BLOCK_CAPTURE_AUTORELEASING = YES;
				CLANG_WARN_BOOL_CONVERSION = YES;
				CLANG_WARN_COMMA = YES;
				CLANG_WARN_CONSTANT_CONVERSION = YES;
				CLANG_WARN_DEPRECATED_OBJC_IMPLEMENTATIONS = YES;
				CLANG_WARN_DIRECT_OBJC_ISA_USAGE = YES_ERROR;
				CLANG_WARN_DOCUMENTATION_COMMENTS = YES;
				CLANG_WARN_EMPTY_BODY = YES;
				CLANG_WARN_ENUM_CONVERSION = YES;
				CLANG_WARN_INFINITE_RECURSION = YES;
				CLANG_WARN_INT_CONVERSION = YES;
				CLANG_WARN_NON_LITERAL_NULL_CONVERSION = YES;
				CLANG_WARN_OBJC_IMPLICIT_RETAIN_SELF = YES;
				CLANG_WARN_OBJC_LITERAL_CONVERSION = YES;
				CLANG_WARN_OBJC_ROOT_CLASS = YES_ERROR;
				CLANG_WARN_QUOTED_INCLUDE_IN_FRAMEWORK_HEADER = YES;
				CLANG_WARN_RANGE_LOOP_ANALYSIS = YES;
				CLANG_WARN_STRICT_PROTOTYPES = YES;
				CLANG_WARN_SUSPICIOUS_MOVE = YES;
				CLANG_WARN_UNGUARDED_AVAILABILITY = YES_AGGRESSIVE;
				CLANG_WARN_UNREACHABLE_CODE = YES;
				CLANG_WARN__DUPLICATE_METHOD_MATCH = YES;
				COPY_PHASE_STRIP = NO;
				DEBUG_INFORMATION_FORMAT = dwarf;
				ENABLE_STRICT_OBJC_MSGSEND = YES;
				ENABLE_TESTABILITY = YES;
				GCC_C_LANGUAGE_STANDARD = gnu11;
				GCC_DYNAMIC_NO_PIC = NO;
				GCC_NO_COMMON_BLOCKS = YES;
				GCC_OPTIMIZATION_LEVEL = 0;
				GCC_PREPROCESSOR_DEFINITIONS = (
					"DEBUG=1",
					"$(inherited)",
				);
				GCC_WARN_64_TO_32_BIT_CONVERSION = YES;
				GCC_WARN_ABOUT_RETURN_TYPE = YES_ERROR;
				GCC_WARN_UNDECLARED_SELECTOR = YES;
				GCC_WARN_UNINITIALIZED_AUTOS = YES_AGGRESSIVE;
				GCC_WARN_UNUSED_FUNCTION = YES;
				GCC_WARN_UNUSED_VARIABLE = YES;
				IPHONEOS_DEPLOYMENT_TARGET = 14.5;
				MTL_ENABLE_DEBUG_INFO = INCLUDE_SOURCE;
				MTL_FAST_MATH = YES;
				ONLY_ACTIVE_ARCH = YES;
				SDKROOT = iphoneos;
				SWIFT_ACTIVE_COMPILATION_CONDITIONS = DEBUG;
				SWIFT_OPTIMIZATION_LEVEL = "-Onone";
			};
			name = Debug;
		};
		71C47D1D263DAAB800C979D9 /* Release */ = {
			isa = XCBuildConfiguration;
			buildSettings = {
				ALWAYS_SEARCH_USER_PATHS = NO;
				CLANG_ANALYZER_NONNULL = YES;
				CLANG_ANALYZER_NUMBER_OBJECT_CONVERSION = YES_AGGRESSIVE;
				CLANG_CXX_LANGUAGE_STANDARD = "gnu++14";
				CLANG_CXX_LIBRARY = "libc++";
				CLANG_ENABLE_MODULES = YES;
				CLANG_ENABLE_OBJC_ARC = YES;
				CLANG_ENABLE_OBJC_WEAK = YES;
				CLANG_WARN_BLOCK_CAPTURE_AUTORELEASING = YES;
				CLANG_WARN_BOOL_CONVERSION = YES;
				CLANG_WARN_COMMA = YES;
				CLANG_WARN_CONSTANT_CONVERSION = YES;
				CLANG_WARN_DEPRECATED_OBJC_IMPLEMENTATIONS = YES;
				CLANG_WARN_DIRECT_OBJC_ISA_USAGE = YES_ERROR;
				CLANG_WARN_DOCUMENTATION_COMMENTS = YES;
				CLANG_WARN_EMPTY_BODY = YES;
				CLANG_WARN_ENUM_CONVERSION = YES;
				CLANG_WARN_INFINITE_RECURSION = YES;
				CLANG_WARN_INT_CONVERSION = YES;
				CLANG_WARN_NON_LITERAL_NULL_CONVERSION = YES;
				CLANG_WARN_OBJC_IMPLICIT_RETAIN_SELF = YES;
				CLANG_WARN_OBJC_LITERAL_CONVERSION = YES;
				CLANG_WARN_OBJC_ROOT_CLASS = YES_ERROR;
				CLANG_WARN_QUOTED_INCLUDE_IN_FRAMEWORK_HEADER = YES;
				CLANG_WARN_RANGE_LOOP_ANALYSIS = YES;
				CLANG_WARN_STRICT_PROTOTYPES = YES;
				CLANG_WARN_SUSPICIOUS_MOVE = YES;
				CLANG_WARN_UNGUARDED_AVAILABILITY = YES_AGGRESSIVE;
				CLANG_WARN_UNREACHABLE_CODE = YES;
				CLANG_WARN__DUPLICATE_METHOD_MATCH = YES;
				COPY_PHASE_STRIP = NO;
				DEBUG_INFORMATION_FORMAT = "dwarf-with-dsym";
				ENABLE_NS_ASSERTIONS = NO;
				ENABLE_STRICT_OBJC_MSGSEND = YES;
				GCC_C_LANGUAGE_STANDARD = gnu11;
				GCC_NO_COMMON_BLOCKS = YES;
				GCC_WARN_64_TO_32_BIT_CONVERSION = YES;
				GCC_WARN_ABOUT_RETURN_TYPE = YES_ERROR;
				GCC_WARN_UNDECLARED_SELECTOR = YES;
				GCC_WARN_UNINITIALIZED_AUTOS = YES_AGGRESSIVE;
				GCC_WARN_UNUSED_FUNCTION = YES;
				GCC_WARN_UNUSED_VARIABLE = YES;
				IPHONEOS_DEPLOYMENT_TARGET = 14.5;
				MTL_ENABLE_DEBUG_INFO = NO;
				MTL_FAST_MATH = YES;
				SDKROOT = iphoneos;
				SWIFT_COMPILATION_MODE = wholemodule;
				SWIFT_OPTIMIZATION_LEVEL = "-O";
				VALIDATE_PRODUCT = YES;
			};
			name = Release;
		};
		71C47D1F263DAAB800C979D9 /* Debug */ = {
			isa = XCBuildConfiguration;
			buildSettings = {
				ASSETCATALOG_COMPILER_APPICON_NAME = AppIcon;
				ASSETCATALOG_COMPILER_GLOBAL_ACCENT_COLOR_NAME = AccentColor;
				CODE_SIGN_STYLE = Automatic;
				DEVELOPMENT_ASSET_PATHS = "\"selfCare/Preview Content\"";
				DEVELOPMENT_TEAM = 24YMX7WMLR;
				ENABLE_PREVIEWS = YES;
				INFOPLIST_FILE = selfCare/Info.plist;
				IPHONEOS_DEPLOYMENT_TARGET = 14.0;
				LD_RUNPATH_SEARCH_PATHS = (
					"$(inherited)",
					"@executable_path/Frameworks",
				);
				PRODUCT_BUNDLE_IDENTIFIER = com.example.selfCare;
				PRODUCT_NAME = "$(TARGET_NAME)";
				SWIFT_VERSION = 5.0;
				TARGETED_DEVICE_FAMILY = "1,2";
			};
			name = Debug;
		};
		71C47D20263DAAB800C979D9 /* Release */ = {
			isa = XCBuildConfiguration;
			buildSettings = {
				ASSETCATALOG_COMPILER_APPICON_NAME = AppIcon;
				ASSETCATALOG_COMPILER_GLOBAL_ACCENT_COLOR_NAME = AccentColor;
				CODE_SIGN_STYLE = Automatic;
				DEVELOPMENT_ASSET_PATHS = "\"selfCare/Preview Content\"";
				DEVELOPMENT_TEAM = 24YMX7WMLR;
				ENABLE_PREVIEWS = YES;
				INFOPLIST_FILE = selfCare/Info.plist;
				IPHONEOS_DEPLOYMENT_TARGET = 14.0;
				LD_RUNPATH_SEARCH_PATHS = (
					"$(inherited)",
					"@executable_path/Frameworks",
				);
				PRODUCT_BUNDLE_IDENTIFIER = com.example.selfCare;
				PRODUCT_NAME = "$(TARGET_NAME)";
				SWIFT_VERSION = 5.0;
				TARGETED_DEVICE_FAMILY = "1,2";
			};
			name = Release;
		};
/* End XCBuildConfiguration section */

/* Begin XCConfigurationList section */
		71C47D0A263DAAB300C979D9 /* Build configuration list for PBXProject "selfCare" */ = {
			isa = XCConfigurationList;
			buildConfigurations = (
				71C47D1C263DAAB800C979D9 /* Debug */,
				71C47D1D263DAAB800C979D9 /* Release */,
			);
			defaultConfigurationIsVisible = 0;
			defaultConfigurationName = Release;
		};
		71C47D1E263DAAB800C979D9 /* Build configuration list for PBXNativeTarget "selfCare" */ = {
			isa = XCConfigurationList;
			buildConfigurations = (
				71C47D1F263DAAB800C979D9 /* Debug */,
				71C47D20263DAAB800C979D9 /* Release */,
			);
			defaultConfigurationIsVisible = 0;
			defaultConfigurationName = Release;
		};
/* End XCConfigurationList section */

/* Begin XCRemoteSwiftPackageReference section */
		7110D045264AC5F50051CF62 /* XCRemoteSwiftPackageReference "Cache" */ = {
			isa = XCRemoteSwiftPackageReference;
			repositoryURL = "https://github.com/hyperoslo/Cache";
			requirement = {
				kind = upToNextMajorVersion;
				minimumVersion = 6.0.0;
			};
		};
		71C47D21263DDA6200C979D9 /* XCRemoteSwiftPackageReference "IrregularGradient" */ = {
			isa = XCRemoteSwiftPackageReference;
			repositoryURL = "https://github.com/joogps/IrregularGradient";
			requirement = {
				kind = upToNextMajorVersion;
				minimumVersion = 1.1.0;
			};
		};
/* End XCRemoteSwiftPackageReference section */

/* Begin XCSwiftPackageProductDependency section */
		7110D046264AC5F50051CF62 /* Cache */ = {
			isa = XCSwiftPackageProductDependency;
			package = 7110D045264AC5F50051CF62 /* XCRemoteSwiftPackageReference "Cache" */;
			productName = Cache;
		};
		71C47D22263DDA6200C979D9 /* IrregularGradient */ = {
			isa = XCSwiftPackageProductDependency;
			package = 71C47D21263DDA6200C979D9 /* XCRemoteSwiftPackageReference "IrregularGradient" */;
			productName = IrregularGradient;
		};
/* End XCSwiftPackageProductDependency section */
	};
	rootObject = 71C47D07263DAAB300C979D9 /* Project object */;
}
